// !$*UTF8*$!
{
	archiveVersion = 1;
	classes = {
	};
	objectVersion = 56;
	objects = {

/* Begin PBXBuildFile section */
		923E96892C9732E90032F002 /* NetflixHomeView.swift in Sources */ = {isa = PBXBuildFile; fileRef = 923E96882C9732E90032F002 /* NetflixHomeView.swift */; };
		92E184B82CAD0B7A007B55AD /* NetflixFilterCell.swift in Sources */ = {isa = PBXBuildFile; fileRef = 92E184B72CAD0B7A007B55AD /* NetflixFilterCell.swift */; };
		92E184BA2CADA27C007B55AD /* NetflixFilterBarView.swift in Sources */ = {isa = PBXBuildFile; fileRef = 92E184B92CADA27C007B55AD /* NetflixFilterBarView.swift */; };
		92E184BC2CB12BBA007B55AD /* NetflixHeroCell.swift in Sources */ = {isa = PBXBuildFile; fileRef = 92E184BB2CB12BBA007B55AD /* NetflixHeroCell.swift */; };
		92E2F2822C972BE100568FF7 /* NetflixUIApp.swift in Sources */ = {isa = PBXBuildFile; fileRef = 92E2F2812C972BE100568FF7 /* NetflixUIApp.swift */; };
		92E2F2842C972BE100568FF7 /* ContentView.swift in Sources */ = {isa = PBXBuildFile; fileRef = 92E2F2832C972BE100568FF7 /* ContentView.swift */; };
		92E2F2862C972BE300568FF7 /* Assets.xcassets in Resources */ = {isa = PBXBuildFile; fileRef = 92E2F2852C972BE300568FF7 /* Assets.xcassets */; };
		92E2F2892C972BE300568FF7 /* Preview Assets.xcassets in Resources */ = {isa = PBXBuildFile; fileRef = 92E2F2882C972BE300568FF7 /* Preview Assets.xcassets */; };
		92E2F2932C972BE300568FF7 /* NetflixUITests.swift in Sources */ = {isa = PBXBuildFile; fileRef = 92E2F2922C972BE300568FF7 /* NetflixUITests.swift */; };
		92E2F29D2C972BE300568FF7 /* NetflixUIUITests.swift in Sources */ = {isa = PBXBuildFile; fileRef = 92E2F29C2C972BE300568FF7 /* NetflixUIUITests.swift */; };
		92E2F29F2C972BE300568FF7 /* NetflixUIUITestsLaunchTests.swift in Sources */ = {isa = PBXBuildFile; fileRef = 92E2F29E2C972BE300568FF7 /* NetflixUIUITestsLaunchTests.swift */; };
/* End PBXBuildFile section */

/* Begin PBXContainerItemProxy section */
		92E2F28F2C972BE300568FF7 /* PBXContainerItemProxy */ = {
			isa = PBXContainerItemProxy;
			containerPortal = 92E2F2762C972BE100568FF7 /* Project object */;
			proxyType = 1;
			remoteGlobalIDString = 92E2F27D2C972BE100568FF7;
			remoteInfo = NetflixUI;
		};
		92E2F2992C972BE300568FF7 /* PBXContainerItemProxy */ = {
			isa = PBXContainerItemProxy;
			containerPortal = 92E2F2762C972BE100568FF7 /* Project object */;
			proxyType = 1;
			remoteGlobalIDString = 92E2F27D2C972BE100568FF7;
			remoteInfo = NetflixUI;
		};
/* End PBXContainerItemProxy section */

/* Begin PBXFileReference section */
		923E96882C9732E90032F002 /* NetflixHomeView.swift */ = {isa = PBXFileReference; lastKnownFileType = sourcecode.swift; path = NetflixHomeView.swift; sourceTree = "<group>"; };
		92E184B72CAD0B7A007B55AD /* NetflixFilterCell.swift */ = {isa = PBXFileReference; lastKnownFileType = sourcecode.swift; path = NetflixFilterCell.swift; sourceTree = "<group>"; };
		92E184B92CADA27C007B55AD /* NetflixFilterBarView.swift */ = {isa = PBXFileReference; lastKnownFileType = sourcecode.swift; path = NetflixFilterBarView.swift; sourceTree = "<group>"; };
		92E184BB2CB12BBA007B55AD /* NetflixHeroCell.swift */ = {isa = PBXFileReference; lastKnownFileType = sourcecode.swift; path = NetflixHeroCell.swift; sourceTree = "<group>"; };
		92E2F27E2C972BE100568FF7 /* NetflixUI.app */ = {isa = PBXFileReference; explicitFileType = wrapper.application; includeInIndex = 0; path = NetflixUI.app; sourceTree = BUILT_PRODUCTS_DIR; };
		92E2F2812C972BE100568FF7 /* NetflixUIApp.swift */ = {isa = PBXFileReference; lastKnownFileType = sourcecode.swift; path = NetflixUIApp.swift; sourceTree = "<group>"; };
		92E2F2832C972BE100568FF7 /* ContentView.swift */ = {isa = PBXFileReference; lastKnownFileType = sourcecode.swift; path = ContentView.swift; sourceTree = "<group>"; };
		92E2F2852C972BE300568FF7 /* Assets.xcassets */ = {isa = PBXFileReference; lastKnownFileType = folder.assetcatalog; path = Assets.xcassets; sourceTree = "<group>"; };
		92E2F2882C972BE300568FF7 /* Preview Assets.xcassets */ = {isa = PBXFileReference; lastKnownFileType = folder.assetcatalog; path = "Preview Assets.xcassets"; sourceTree = "<group>"; };
		92E2F28E2C972BE300568FF7 /* NetflixUITests.xctest */ = {isa = PBXFileReference; explicitFileType = wrapper.cfbundle; includeInIndex = 0; path = NetflixUITests.xctest; sourceTree = BUILT_PRODUCTS_DIR; };
		92E2F2922C972BE300568FF7 /* NetflixUITests.swift */ = {isa = PBXFileReference; lastKnownFileType = sourcecode.swift; path = NetflixUITests.swift; sourceTree = "<group>"; };
		92E2F2982C972BE300568FF7 /* NetflixUIUITests.xctest */ = {isa = PBXFileReference; explicitFileType = wrapper.cfbundle; includeInIndex = 0; path = NetflixUIUITests.xctest; sourceTree = BUILT_PRODUCTS_DIR; };
		92E2F29C2C972BE300568FF7 /* NetflixUIUITests.swift */ = {isa = PBXFileReference; lastKnownFileType = sourcecode.swift; path = NetflixUIUITests.swift; sourceTree = "<group>"; };
		92E2F29E2C972BE300568FF7 /* NetflixUIUITestsLaunchTests.swift */ = {isa = PBXFileReference; lastKnownFileType = sourcecode.swift; path = NetflixUIUITestsLaunchTests.swift; sourceTree = "<group>"; };
/* End PBXFileReference section */

/* Begin PBXFrameworksBuildPhase section */
		92E2F27B2C972BE100568FF7 /* Frameworks */ = {
			isa = PBXFrameworksBuildPhase;
			buildActionMask = 2147483647;
			files = (
			);
			runOnlyForDeploymentPostprocessing = 0;
		};
		92E2F28B2C972BE300568FF7 /* Frameworks */ = {
			isa = PBXFrameworksBuildPhase;
			buildActionMask = 2147483647;
			files = (
			);
			runOnlyForDeploymentPostprocessing = 0;
		};
		92E2F2952C972BE300568FF7 /* Frameworks */ = {
			isa = PBXFrameworksBuildPhase;
			buildActionMask = 2147483647;
			files = (
			);
			runOnlyForDeploymentPostprocessing = 0;
		};
/* End PBXFrameworksBuildPhase section */

/* Begin PBXGroup section */
		923E96862C972D570032F002 /* Components */ = {
			isa = PBXGroup;
			children = (
				92E184B72CAD0B7A007B55AD /* NetflixFilterCell.swift */,
				92E184B92CADA27C007B55AD /* NetflixFilterBarView.swift */,
				92E184BB2CB12BBA007B55AD /* NetflixHeroCell.swift */,
			);
			path = Components;
			sourceTree = "<group>";
		};
		923E96872C972D5E0032F002 /* Core */ = {
			isa = PBXGroup;
			children = (
				923E96882C9732E90032F002 /* NetflixHomeView.swift */,
			);
			path = Core;
			sourceTree = "<group>";
		};
		92E2F2752C972BE100568FF7 = {
			isa = PBXGroup;
			children = (
				92E2F2802C972BE100568FF7 /* NetflixUI */,
				92E2F2912C972BE300568FF7 /* NetflixUITests */,
				92E2F29B2C972BE300568FF7 /* NetflixUIUITests */,
				92E2F27F2C972BE100568FF7 /* Products */,
			);
			sourceTree = "<group>";
		};
		92E2F27F2C972BE100568FF7 /* Products */ = {
			isa = PBXGroup;
			children = (
				92E2F27E2C972BE100568FF7 /* NetflixUI.app */,
				92E2F28E2C972BE300568FF7 /* NetflixUITests.xctest */,
				92E2F2982C972BE300568FF7 /* NetflixUIUITests.xctest */,
			);
			name = Products;
			sourceTree = "<group>";
		};
		92E2F2802C972BE100568FF7 /* NetflixUI */ = {
			isa = PBXGroup;
			children = (
				923E96862C972D570032F002 /* Components */,
				923E96872C972D5E0032F002 /* Core */,
				92E2F2812C972BE100568FF7 /* NetflixUIApp.swift */,
				92E2F2832C972BE100568FF7 /* ContentView.swift */,
				92E2F2852C972BE300568FF7 /* Assets.xcassets */,
				92E2F2872C972BE300568FF7 /* Preview Content */,
			);
			path = NetflixUI;
			sourceTree = "<group>";
		};
		92E2F2872C972BE300568FF7 /* Preview Content */ = {
			isa = PBXGroup;
			children = (
				92E2F2882C972BE300568FF7 /* Preview Assets.xcassets */,
			);
			path = "Preview Content";
			sourceTree = "<group>";
		};
		92E2F2912C972BE300568FF7 /* NetflixUITests */ = {
			isa = PBXGroup;
			children = (
				92E2F2922C972BE300568FF7 /* NetflixUITests.swift */,
			);
			path = NetflixUITests;
			sourceTree = "<group>";
		};
		92E2F29B2C972BE300568FF7 /* NetflixUIUITests */ = {
			isa = PBXGroup;
			children = (
				92E2F29C2C972BE300568FF7 /* NetflixUIUITests.swift */,
				92E2F29E2C972BE300568FF7 /* NetflixUIUITestsLaunchTests.swift */,
			);
			path = NetflixUIUITests;
			sourceTree = "<group>";
		};
/* End PBXGroup section */

/* Begin PBXNativeTarget section */
		92E2F27D2C972BE100568FF7 /* NetflixUI */ = {
			isa = PBXNativeTarget;
			buildConfigurationList = 92E2F2A22C972BE300568FF7 /* Build configuration list for PBXNativeTarget "NetflixUI" */;
			buildPhases = (
				92E2F27A2C972BE100568FF7 /* Sources */,
				92E2F27B2C972BE100568FF7 /* Frameworks */,
				92E2F27C2C972BE100568FF7 /* Resources */,
			);
			buildRules = (
			);
			dependencies = (
			);
			name = NetflixUI;
			productName = NetflixUI;
			productReference = 92E2F27E2C972BE100568FF7 /* NetflixUI.app */;
			productType = "com.apple.product-type.application";
		};
		92E2F28D2C972BE300568FF7 /* NetflixUITests */ = {
			isa = PBXNativeTarget;
			buildConfigurationList = 92E2F2A52C972BE300568FF7 /* Build configuration list for PBXNativeTarget "NetflixUITests" */;
			buildPhases = (
				92E2F28A2C972BE300568FF7 /* Sources */,
				92E2F28B2C972BE300568FF7 /* Frameworks */,
				92E2F28C2C972BE300568FF7 /* Resources */,
			);
			buildRules = (
			);
			dependencies = (
				92E2F2902C972BE300568FF7 /* PBXTargetDependency */,
			);
			name = NetflixUITests;
			productName = NetflixUITests;
			productReference = 92E2F28E2C972BE300568FF7 /* NetflixUITests.xctest */;
			productType = "com.apple.product-type.bundle.unit-test";
		};
		92E2F2972C972BE300568FF7 /* NetflixUIUITests */ = {
			isa = PBXNativeTarget;
			buildConfigurationList = 92E2F2A82C972BE300568FF7 /* Build configuration list for PBXNativeTarget "NetflixUIUITests" */;
			buildPhases = (
				92E2F2942C972BE300568FF7 /* Sources */,
				92E2F2952C972BE300568FF7 /* Frameworks */,
				92E2F2962C972BE300568FF7 /* Resources */,
			);
			buildRules = (
			);
			dependencies = (
				92E2F29A2C972BE300568FF7 /* PBXTargetDependency */,
			);
			name = NetflixUIUITests;
			productName = NetflixUIUITests;
			productReference = 92E2F2982C972BE300568FF7 /* NetflixUIUITests.xctest */;
			productType = "com.apple.product-type.bundle.ui-testing";
		};
/* End PBXNativeTarget section */

/* Begin PBXProject section */
		92E2F2762C972BE100568FF7 /* Project object */ = {
			isa = PBXProject;
			attributes = {
				BuildIndependentTargetsInParallel = 1;
				LastSwiftUpdateCheck = 1510;
				LastUpgradeCheck = 1510;
				TargetAttributes = {
					92E2F27D2C972BE100568FF7 = {
						CreatedOnToolsVersion = 15.1;
					};
					92E2F28D2C972BE300568FF7 = {
						CreatedOnToolsVersion = 15.1;
						TestTargetID = 92E2F27D2C972BE100568FF7;
					};
					92E2F2972C972BE300568FF7 = {
						CreatedOnToolsVersion = 15.1;
						TestTargetID = 92E2F27D2C972BE100568FF7;
					};
				};
			};
			buildConfigurationList = 92E2F2792C972BE100568FF7 /* Build configuration list for PBXProject "NetflixUI" */;
			compatibilityVersion = "Xcode 14.0";
			developmentRegion = en;
			hasScannedForEncodings = 0;
			knownRegions = (
				en,
				Base,
			);
			mainGroup = 92E2F2752C972BE100568FF7;
			productRefGroup = 92E2F27F2C972BE100568FF7 /* Products */;
			projectDirPath = "";
			projectRoot = "";
			targets = (
				92E2F27D2C972BE100568FF7 /* NetflixUI */,
				92E2F28D2C972BE300568FF7 /* NetflixUITests */,
				92E2F2972C972BE300568FF7 /* NetflixUIUITests */,
			);
		};
/* End PBXProject section */

/* Begin PBXResourcesBuildPhase section */
		92E2F27C2C972BE100568FF7 /* Resources */ = {
			isa = PBXResourcesBuildPhase;
			buildActionMask = 2147483647;
			files = (
				92E2F2892C972BE300568FF7 /* Preview Assets.xcassets in Resources */,
				92E2F2862C972BE300568FF7 /* Assets.xcassets in Resources */,
			);
			runOnlyForDeploymentPostprocessing = 0;
		};
		92E2F28C2C972BE300568FF7 /* Resources */ = {
			isa = PBXResourcesBuildPhase;
			buildActionMask = 2147483647;
			files = (
			);
			runOnlyForDeploymentPostprocessing = 0;
		};
		92E2F2962C972BE300568FF7 /* Resources */ = {
			isa = PBXResourcesBuildPhase;
			buildActionMask = 2147483647;
			files = (
			);
			runOnlyForDeploymentPostprocessing = 0;
		};
/* End PBXResourcesBuildPhase section */

/* Begin PBXSourcesBuildPhase section */
		92E2F27A2C972BE100568FF7 /* Sources */ = {
			isa = PBXSourcesBuildPhase;
			buildActionMask = 2147483647;
			files = (
				92E184BA2CADA27C007B55AD /* NetflixFilterBarView.swift in Sources */,
				92E2F2842C972BE100568FF7 /* ContentView.swift in Sources */,
				92E184BC2CB12BBA007B55AD /* NetflixHeroCell.swift in Sources */,
				92E2F2822C972BE100568FF7 /* NetflixUIApp.swift in Sources */,
				92E184B82CAD0B7A007B55AD /* NetflixFilterCell.swift in Sources */,
				923E96892C9732E90032F002 /* NetflixHomeView.swift in Sources */,
			);
			runOnlyForDeploymentPostprocessing = 0;
		};
		92E2F28A2C972BE300568FF7 /* Sources */ = {
			isa = PBXSourcesBuildPhase;
			buildActionMask = 2147483647;
			files = (
				92E2F2932C972BE300568FF7 /* NetflixUITests.swift in Sources */,
			);
			runOnlyForDeploymentPostprocessing = 0;
		};
		92E2F2942C972BE300568FF7 /* Sources */ = {
			isa = PBXSourcesBuildPhase;
			buildActionMask = 2147483647;
			files = (
				92E2F29D2C972BE300568FF7 /* NetflixUIUITests.swift in Sources */,
				92E2F29F2C972BE300568FF7 /* NetflixUIUITestsLaunchTests.swift in Sources */,
			);
			runOnlyForDeploymentPostprocessing = 0;
		};
/* End PBXSourcesBuildPhase section */

/* Begin PBXTargetDependency section */
		92E2F2902C972BE300568FF7 /* PBXTargetDependency */ = {
			isa = PBXTargetDependency;
			target = 92E2F27D2C972BE100568FF7 /* NetflixUI */;
			targetProxy = 92E2F28F2C972BE300568FF7 /* PBXContainerItemProxy */;
		};
		92E2F29A2C972BE300568FF7 /* PBXTargetDependency */ = {
			isa = PBXTargetDependency;
			target = 92E2F27D2C972BE100568FF7 /* NetflixUI */;
			targetProxy = 92E2F2992C972BE300568FF7 /* PBXContainerItemProxy */;
		};
/* End PBXTargetDependency section */

/* Begin XCBuildConfiguration section */
		92E2F2A02C972BE300568FF7 /* Debug */ = {
			isa = XCBuildConfiguration;
			buildSettings = {
				ALWAYS_SEARCH_USER_PATHS = NO;
				ASSETCATALOG_COMPILER_GENERATE_SWIFT_ASSET_SYMBOL_EXTENSIONS = YES;
				CLANG_ANALYZER_NONNULL = YES;
				CLANG_ANALYZER_NUMBER_OBJECT_CONVERSION = YES_AGGRESSIVE;
				CLANG_CXX_LANGUAGE_STANDARD = "gnu++20";
				CLANG_ENABLE_MODULES = YES;
				CLANG_ENABLE_OBJC_ARC = YES;
				CLANG_ENABLE_OBJC_WEAK = YES;
				CLANG_WARN_BLOCK_CAPTURE_AUTORELEASING = YES;
				CLANG_WARN_BOOL_CONVERSION = YES;
				CLANG_WARN_COMMA = YES;
				CLANG_WARN_CONSTANT_CONVERSION = YES;
				CLANG_WARN_DEPRECATED_OBJC_IMPLEMENTATIONS = YES;
				CLANG_WARN_DIRECT_OBJC_ISA_USAGE = YES_ERROR;
				CLANG_WARN_DOCUMENTATION_COMMENTS = YES;
				CLANG_WARN_EMPTY_BODY = YES;
				CLANG_WARN_ENUM_CONVERSION = YES;
				CLANG_WARN_INFINITE_RECURSION = YES;
				CLANG_WARN_INT_CONVERSION = YES;
				CLANG_WARN_NON_LITERAL_NULL_CONVERSION = YES;
				CLANG_WARN_OBJC_IMPLICIT_RETAIN_SELF = YES;
				CLANG_WARN_OBJC_LITERAL_CONVERSION = YES;
				CLANG_WARN_OBJC_ROOT_CLASS = YES_ERROR;
				CLANG_WARN_QUOTED_INCLUDE_IN_FRAMEWORK_HEADER = YES;
				CLANG_WARN_RANGE_LOOP_ANALYSIS = YES;
				CLANG_WARN_STRICT_PROTOTYPES = YES;
				CLANG_WARN_SUSPICIOUS_MOVE = YES;
				CLANG_WARN_UNGUARDED_AVAILABILITY = YES_AGGRESSIVE;
				CLANG_WARN_UNREACHABLE_CODE = YES;
				CLANG_WARN__DUPLICATE_METHOD_MATCH = YES;
				COPY_PHASE_STRIP = NO;
				DEBUG_INFORMATION_FORMAT = dwarf;
				ENABLE_STRICT_OBJC_MSGSEND = YES;
				ENABLE_TESTABILITY = YES;
				ENABLE_USER_SCRIPT_SANDBOXING = YES;
				GCC_C_LANGUAGE_STANDARD = gnu17;
				GCC_DYNAMIC_NO_PIC = NO;
				GCC_NO_COMMON_BLOCKS = YES;
				GCC_OPTIMIZATION_LEVEL = 0;
				GCC_PREPROCESSOR_DEFINITIONS = (
					"DEBUG=1",
					"$(inherited)",
				);
				GCC_WARN_64_TO_32_BIT_CONVERSION = YES;
				GCC_WARN_ABOUT_RETURN_TYPE = YES_ERROR;
				GCC_WARN_UNDECLARED_SELECTOR = YES;
				GCC_WARN_UNINITIALIZED_AUTOS = YES_AGGRESSIVE;
				GCC_WARN_UNUSED_FUNCTION = YES;
				GCC_WARN_UNUSED_VARIABLE = YES;
				IPHONEOS_DEPLOYMENT_TARGET = 17.2;
				LOCALIZATION_PREFERS_STRING_CATALOGS = YES;
				MTL_ENABLE_DEBUG_INFO = INCLUDE_SOURCE;
				MTL_FAST_MATH = YES;
				ONLY_ACTIVE_ARCH = YES;
				SDKROOT = iphoneos;
				SWIFT_ACTIVE_COMPILATION_CONDITIONS = "DEBUG $(inherited)";
				SWIFT_OPTIMIZATION_LEVEL = "-Onone";
			};
			name = Debug;
		};
		92E2F2A12C972BE300568FF7 /* Release */ = {
			isa = XCBuildConfiguration;
			buildSettings = {
				ALWAYS_SEARCH_USER_PATHS = NO;
				ASSETCATALOG_COMPILER_GENERATE_SWIFT_ASSET_SYMBOL_EXTENSIONS = YES;
				CLANG_ANALYZER_NONNULL = YES;
				CLANG_ANALYZER_NUMBER_OBJECT_CONVERSION = YES_AGGRESSIVE;
				CLANG_CXX_LANGUAGE_STANDARD = "gnu++20";
				CLANG_ENABLE_MODULES = YES;
				CLANG_ENABLE_OBJC_ARC = YES;
				CLANG_ENABLE_OBJC_WEAK = YES;
				CLANG_WARN_BLOCK_CAPTURE_AUTORELEASING = YES;
				CLANG_WARN_BOOL_CONVERSION = YES;
				CLANG_WARN_COMMA = YES;
				CLANG_WARN_CONSTANT_CONVERSION = YES;
				CLANG_WARN_DEPRECATED_OBJC_IMPLEMENTATIONS = YES;
				CLANG_WARN_DIRECT_OBJC_ISA_USAGE = YES_ERROR;
				CLANG_WARN_DOCUMENTATION_COMMENTS = YES;
				CLANG_WARN_EMPTY_BODY = YES;
				CLANG_WARN_ENUM_CONVERSION = YES;
				CLANG_WARN_INFINITE_RECURSION = YES;
				CLANG_WARN_INT_CONVERSION = YES;
				CLANG_WARN_NON_LITERAL_NULL_CONVERSION = YES;
				CLANG_WARN_OBJC_IMPLICIT_RETAIN_SELF = YES;
				CLANG_WARN_OBJC_LITERAL_CONVERSION = YES;
				CLANG_WARN_OBJC_ROOT_CLASS = YES_ERROR;
				CLANG_WARN_QUOTED_INCLUDE_IN_FRAMEWORK_HEADER = YES;
				CLANG_WARN_RANGE_LOOP_ANALYSIS = YES;
				CLANG_WARN_STRICT_PROTOTYPES = YES;
				CLANG_WARN_SUSPICIOUS_MOVE = YES;
				CLANG_WARN_UNGUARDED_AVAILABILITY = YES_AGGRESSIVE;
				CLANG_WARN_UNREACHABLE_CODE = YES;
				CLANG_WARN__DUPLICATE_METHOD_MATCH = YES;
				COPY_PHASE_STRIP = NO;
				DEBUG_INFORMATION_FORMAT = "dwarf-with-dsym";
				ENABLE_NS_ASSERTIONS = NO;
				ENABLE_STRICT_OBJC_MSGSEND = YES;
				ENABLE_USER_SCRIPT_SANDBOXING = YES;
				GCC_C_LANGUAGE_STANDARD = gnu17;
				GCC_NO_COMMON_BLOCKS = YES;
				GCC_WARN_64_TO_32_BIT_CONVERSION = YES;
				GCC_WARN_ABOUT_RETURN_TYPE = YES_ERROR;
				GCC_WARN_UNDECLARED_SELECTOR = YES;
				GCC_WARN_UNINITIALIZED_AUTOS = YES_AGGRESSIVE;
				GCC_WARN_UNUSED_FUNCTION = YES;
				GCC_WARN_UNUSED_VARIABLE = YES;
				IPHONEOS_DEPLOYMENT_TARGET = 17.2;
				LOCALIZATION_PREFERS_STRING_CATALOGS = YES;
				MTL_ENABLE_DEBUG_INFO = NO;
				MTL_FAST_MATH = YES;
				SDKROOT = iphoneos;
				SWIFT_COMPILATION_MODE = wholemodule;
				VALIDATE_PRODUCT = YES;
			};
			name = Release;
		};
		92E2F2A32C972BE300568FF7 /* Debug */ = {
			isa = XCBuildConfiguration;
			buildSettings = {
				ASSETCATALOG_COMPILER_APPICON_NAME = AppIcon;
				ASSETCATALOG_COMPILER_GLOBAL_ACCENT_COLOR_NAME = AccentColor;
				CODE_SIGN_STYLE = Automatic;
				CURRENT_PROJECT_VERSION = 1;
				DEVELOPMENT_ASSET_PATHS = "\"NetflixUI/Preview Content\"";
				DEVELOPMENT_TEAM = 73BJN25G72;
				ENABLE_PREVIEWS = YES;
				GENERATE_INFOPLIST_FILE = YES;
				INFOPLIST_KEY_UIApplicationSceneManifest_Generation = YES;
				INFOPLIST_KEY_UIApplicationSupportsIndirectInputEvents = YES;
				INFOPLIST_KEY_UILaunchScreen_Generation = YES;
				INFOPLIST_KEY_UISupportedInterfaceOrientations_iPad = "UIInterfaceOrientationPortrait UIInterfaceOrientationPortraitUpsideDown UIInterfaceOrientationLandscapeLeft UIInterfaceOrientationLandscapeRight";
				INFOPLIST_KEY_UISupportedInterfaceOrientations_iPhone = "UIInterfaceOrientationPortrait UIInterfaceOrientationLandscapeLeft UIInterfaceOrientationLandscapeRight";
				LD_RUNPATH_SEARCH_PATHS = (
					"$(inherited)",
					"@executable_path/Frameworks",
				);
				MARKETING_VERSION = 1.0;
				PRODUCT_BUNDLE_IDENTIFIER = com.aashish.test.NetflixUI;
				PRODUCT_NAME = "$(TARGET_NAME)";
				SWIFT_EMIT_LOC_STRINGS = YES;
				SWIFT_VERSION = 5.0;
				TARGETED_DEVICE_FAMILY = "1,2";
			};
			name = Debug;
		};
		92E2F2A42C972BE300568FF7 /* Release */ = {
			isa = XCBuildConfiguration;
			buildSettings = {
				ASSETCATALOG_COMPILER_APPICON_NAME = AppIcon;
				ASSETCATALOG_COMPILER_GLOBAL_ACCENT_COLOR_NAME = AccentColor;
				CODE_SIGN_STYLE = Automatic;
				CURRENT_PROJECT_VERSION = 1;
				DEVELOPMENT_ASSET_PATHS = "\"NetflixUI/Preview Content\"";
				DEVELOPMENT_TEAM = 73BJN25G72;
				ENABLE_PREVIEWS = YES;
				GENERATE_INFOPLIST_FILE = YES;
				INFOPLIST_KEY_UIApplicationSceneManifest_Generation = YES;
				INFOPLIST_KEY_UIApplicationSupportsIndirectInputEvents = YES;
				INFOPLIST_KEY_UILaunchScreen_Generation = YES;
				INFOPLIST_KEY_UISupportedInterfaceOrientations_iPad = "UIInterfaceOrientationPortrait UIInterfaceOrientationPortraitUpsideDown UIInterfaceOrientationLandscapeLeft UIInterfaceOrientationLandscapeRight";
				INFOPLIST_KEY_UISupportedInterfaceOrientations_iPhone = "UIInterfaceOrientationPortrait UIInterfaceOrientationLandscapeLeft UIInterfaceOrientationLandscapeRight";
				LD_RUNPATH_SEARCH_PATHS = (
					"$(inherited)",
					"@executable_path/Frameworks",
				);
				MARKETING_VERSION = 1.0;
				PRODUCT_BUNDLE_IDENTIFIER = com.aashish.test.NetflixUI;
				PRODUCT_NAME = "$(TARGET_NAME)";
				SWIFT_EMIT_LOC_STRINGS = YES;
				SWIFT_VERSION = 5.0;
				TARGETED_DEVICE_FAMILY = "1,2";
			};
			name = Release;
		};
		92E2F2A62C972BE300568FF7 /* Debug */ = {
			isa = XCBuildConfiguration;
			buildSettings = {
				ALWAYS_EMBED_SWIFT_STANDARD_LIBRARIES = YES;
				BUNDLE_LOADER = "$(TEST_HOST)";
				CODE_SIGN_STYLE = Automatic;
				CURRENT_PROJECT_VERSION = 1;
				DEVELOPMENT_TEAM = 73BJN25G72;
				GENERATE_INFOPLIST_FILE = YES;
				IPHONEOS_DEPLOYMENT_TARGET = 17.2;
				MARKETING_VERSION = 1.0;
				PRODUCT_BUNDLE_IDENTIFIER = com.aashish.test.NetflixUITests;
				PRODUCT_NAME = "$(TARGET_NAME)";
				SWIFT_EMIT_LOC_STRINGS = NO;
				SWIFT_VERSION = 5.0;
				TARGETED_DEVICE_FAMILY = "1,2";
				TEST_HOST = "$(BUILT_PRODUCTS_DIR)/NetflixUI.app/$(BUNDLE_EXECUTABLE_FOLDER_PATH)/NetflixUI";
			};
			name = Debug;
		};
		92E2F2A72C972BE300568FF7 /* Release */ = {
			isa = XCBuildConfiguration;
			buildSettings = {
				ALWAYS_EMBED_SWIFT_STANDARD_LIBRARIES = YES;
				BUNDLE_LOADER = "$(TEST_HOST)";
				CODE_SIGN_STYLE = Automatic;
				CURRENT_PROJECT_VERSION = 1;
				DEVELOPMENT_TEAM = 73BJN25G72;
				GENERATE_INFOPLIST_FILE = YES;
				IPHONEOS_DEPLOYMENT_TARGET = 17.2;
				MARKETING_VERSION = 1.0;
				PRODUCT_BUNDLE_IDENTIFIER = com.aashish.test.NetflixUITests;
				PRODUCT_NAME = "$(TARGET_NAME)";
				SWIFT_EMIT_LOC_STRINGS = NO;
				SWIFT_VERSION = 5.0;
				TARGETED_DEVICE_FAMILY = "1,2";
				TEST_HOST = "$(BUILT_PRODUCTS_DIR)/NetflixUI.app/$(BUNDLE_EXECUTABLE_FOLDER_PATH)/NetflixUI";
			};
			name = Release;
		};
		92E2F2A92C972BE300568FF7 /* Debug */ = {
			isa = XCBuildConfiguration;
			buildSettings = {
				ALWAYS_EMBED_SWIFT_STANDARD_LIBRARIES = YES;
				CODE_SIGN_STYLE = Automatic;
				CURRENT_PROJECT_VERSION = 1;
				DEVELOPMENT_TEAM = 73BJN25G72;
				GENERATE_INFOPLIST_FILE = YES;
				MARKETING_VERSION = 1.0;
				PRODUCT_BUNDLE_IDENTIFIER = com.aashish.test.NetflixUIUITests;
				PRODUCT_NAME = "$(TARGET_NAME)";
				SWIFT_EMIT_LOC_STRINGS = NO;
				SWIFT_VERSION = 5.0;
				TARGETED_DEVICE_FAMILY = "1,2";
				TEST_TARGET_NAME = NetflixUI;
			};
			name = Debug;
		};
		92E2F2AA2C972BE300568FF7 /* Release */ = {
			isa = XCBuildConfiguration;
			buildSettings = {
				ALWAYS_EMBED_SWIFT_STANDARD_LIBRARIES = YES;
				CODE_SIGN_STYLE = Automatic;
				CURRENT_PROJECT_VERSION = 1;
				DEVELOPMENT_TEAM = 73BJN25G72;
				GENERATE_INFOPLIST_FILE = YES;
				MARKETING_VERSION = 1.0;
				PRODUCT_BUNDLE_IDENTIFIER = com.aashish.test.NetflixUIUITests;
				PRODUCT_NAME = "$(TARGET_NAME)";
				SWIFT_EMIT_LOC_STRINGS = NO;
				SWIFT_VERSION = 5.0;
				TARGETED_DEVICE_FAMILY = "1,2";
				TEST_TARGET_NAME = NetflixUI;
			};
			name = Release;
		};
/* End XCBuildConfiguration section */

/* Begin XCConfigurationList section */
		92E2F2792C972BE100568FF7 /* Build configuration list for PBXProject "NetflixUI" */ = {
			isa = XCConfigurationList;
			buildConfigurations = (
				92E2F2A02C972BE300568FF7 /* Debug */,
				92E2F2A12C972BE300568FF7 /* Release */,
			);
			defaultConfigurationIsVisible = 0;
			defaultConfigurationName = Release;
		};
		92E2F2A22C972BE300568FF7 /* Build configuration list for PBXNativeTarget "NetflixUI" */ = {
			isa = XCConfigurationList;
			buildConfigurations = (
				92E2F2A32C972BE300568FF7 /* Debug */,
				92E2F2A42C972BE300568FF7 /* Release */,
			);
			defaultConfigurationIsVisible = 0;
			defaultConfigurationName = Release;
		};
		92E2F2A52C972BE300568FF7 /* Build configuration list for PBXNativeTarget "NetflixUITests" */ = {
			isa = XCConfigurationList;
			buildConfigurations = (
				92E2F2A62C972BE300568FF7 /* Debug */,
				92E2F2A72C972BE300568FF7 /* Release */,
			);
			defaultConfigurationIsVisible = 0;
			defaultConfigurationName = Release;
		};
		92E2F2A82C972BE300568FF7 /* Build configuration list for PBXNativeTarget "NetflixUIUITests" */ = {
			isa = XCConfigurationList;
			buildConfigurations = (
				92E2F2A92C972BE300568FF7 /* Debug */,
				92E2F2AA2C972BE300568FF7 /* Release */,
			);
			defaultConfigurationIsVisible = 0;
			defaultConfigurationName = Release;
		};
/* End XCConfigurationList section */
	};
	rootObject = 92E2F2762C972BE100568FF7 /* Project object */;
}
